
Microsoft Visual Studio Solution File, Format Version 12.00
# Visual Studio 14
VisualStudioVersion = 14.0.25420.1
MinimumVisualStudioVersion = 10.0.40219.1
Project("{2150E333-8FDC-42A3-9474-1A3956D46DE8}") = "ESI4T.IndexService", "ESI4T.IndexService", "{C9F47424-5BCA-4ECE-BECE-086CE660C752}"
EndProject
Project("{2150E333-8FDC-42A3-9474-1A3956D46DE8}") = "ESI4T.Common", "ESI4T.Common", "{48A12DDC-BF8E-4840-898D-E9A3591A21A6}"
EndProject
Project("{2150E333-8FDC-42A3-9474-1A3956D46DE8}") = "ESi4TIndexing.DataStructure", "ESi4TIndexing.DataStructure", "{2D75339C-68BC-4708-9EE9-F22BAC9806BA}"
EndProject
Project("{FAE04EC0-301F-11D3-BF4B-00C04F79EFBC}") = "ESI4T.Common.Configuration", "ESI4T.Common.Configuration\ESI4T.Common.Configuration.csproj", "{826BBF0D-1FB8-42DE-BC5F-24A5EBBB3E24}"
EndProject
Project("{FAE04EC0-301F-11D3-BF4B-00C04F79EFBC}") = "ESI4T.Common.ExceptionManagement", "ESI4T.Common.ExceptionManagement\ESI4T.Common.ExceptionManagement.csproj", "{29E92349-DAC2-490D-9ABC-8A8D2AC33929}"
EndProject
Project("{FAE04EC0-301F-11D3-BF4B-00C04F79EFBC}") = "ESI4T.Common.Logging", "ESI4T.Common.Logging\ESI4T.Common.Logging.csproj", "{7BC86D0B-4512-4D72-9393-15D16361A29F}"
EndProject
Project("{FAE04EC0-301F-11D3-BF4B-00C04F79EFBC}") = "ESI4T.Common.Services", "ESI4T.Common.Services\ESI4T.Common.Services.csproj", "{2FDDFDCE-60C9-467D-B816-2988392BAC90}"
EndProject
Project("{FAE04EC0-301F-11D3-BF4B-00C04F79EFBC}") = "ESI4T.IndexService.BAL", "ESI4T.IndexService.BAL\ESI4T.IndexService.BAL.csproj", "{CACAA0F8-4110-461E-97AC-73D67134D31D}"
EndProject
Project("{FAE04EC0-301F-11D3-BF4B-00C04F79EFBC}") = "ESI4T.IndexService.DataHelper", "ESI4T.IndexService.DataHelper\ESI4T.IndexService.DataHelper.csproj", "{78783752-C428-4FB4-997B-28FC3800ECF1}"
EndProject
Project("{FAE04EC0-301F-11D3-BF4B-00C04F79EFBC}") = "ESI4T.IndexService.DataContracts", "ESI4T.IndexService.DataContracts\ESI4T.IndexService.DataContracts.csproj", "{C3527276-A2D0-4CC4-B17C-4B4FA32AE4FB}"
EndProject
Project("{FAE04EC0-301F-11D3-BF4B-00C04F79EFBC}") = "ElasticSearchIndexService", "ElasticSeaarchIndexService\ElasticSearchIndexService.csproj", "{9563DB5A-2417-4990-8922-DF0E9FA72079}"
EndProject
Global
	GlobalSection(SolutionConfigurationPlatforms) = preSolution
		Debug|Any CPU = Debug|Any CPU
		Release|Any CPU = Release|Any CPU
	EndGlobalSection
	GlobalSection(ProjectConfigurationPlatforms) = postSolution
		{826BBF0D-1FB8-42DE-BC5F-24A5EBBB3E24}.Debug|Any CPU.ActiveCfg = Debug|Any CPU
		{826BBF0D-1FB8-42DE-BC5F-24A5EBBB3E24}.Debug|Any CPU.Build.0 = Debug|Any CPU
		{826BBF0D-1FB8-42DE-BC5F-24A5EBBB3E24}.Release|Any CPU.ActiveCfg = Release|Any CPU
		{826BBF0D-1FB8-42DE-BC5F-24A5EBBB3E24}.Release|Any CPU.Build.0 = Release|Any CPU
		{29E92349-DAC2-490D-9ABC-8A8D2AC33929}.Debug|Any CPU.ActiveCfg = Debug|Any CPU
		{29E92349-DAC2-490D-9ABC-8A8D2AC33929}.Debug|Any CPU.Build.0 = Debug|Any CPU
		{29E92349-DAC2-490D-9ABC-8A8D2AC33929}.Release|Any CPU.ActiveCfg = Release|Any CPU
		{29E92349-DAC2-490D-9ABC-8A8D2AC33929}.Release|Any CPU.Build.0 = Release|Any CPU
		{7BC86D0B-4512-4D72-9393-15D16361A29F}.Debug|Any CPU.ActiveCfg = Debug|Any CPU
		{7BC86D0B-4512-4D72-9393-15D16361A29F}.Debug|Any CPU.Build.0 = Debug|Any CPU
		{7BC86D0B-4512-4D72-9393-15D16361A29F}.Release|Any CPU.ActiveCfg = Release|Any CPU
		{7BC86D0B-4512-4D72-9393-15D16361A29F}.Release|Any CPU.Build.0 = Release|Any CPU
		{2FDDFDCE-60C9-467D-B816-2988392BAC90}.Debug|Any CPU.ActiveCfg = Debug|Any CPU
		{2FDDFDCE-60C9-467D-B816-2988392BAC90}.Debug|Any CPU.Build.0 = Debug|Any CPU
		{2FDDFDCE-60C9-467D-B816-2988392BAC90}.Release|Any CPU.ActiveCfg = Release|Any CPU
		{2FDDFDCE-60C9-467D-B816-2988392BAC90}.Release|Any CPU.Build.0 = Release|Any CPU
		{CACAA0F8-4110-461E-97AC-73D67134D31D}.Debug|Any CPU.ActiveCfg = Debug|Any CPU
		{CACAA0F8-4110-461E-97AC-73D67134D31D}.Debug|Any CPU.Build.0 = Debug|Any CPU
		{CACAA0F8-4110-461E-97AC-73D67134D31D}.Release|Any CPU.ActiveCfg = Release|Any CPU
		{CACAA0F8-4110-461E-97AC-73D67134D31D}.Release|Any CPU.Build.0 = Release|Any CPU
		{78783752-C428-4FB4-997B-28FC3800ECF1}.Debug|Any CPU.ActiveCfg = Debug|Any CPU
		{78783752-C428-4FB4-997B-28FC3800ECF1}.Debug|Any CPU.Build.0 = Debug|Any CPU
		{78783752-C428-4FB4-997B-28FC3800ECF1}.Release|Any CPU.ActiveCfg = Release|Any CPU
		{78783752-C428-4FB4-997B-28FC3800ECF1}.Release|Any CPU.Build.0 = Release|Any CPU
		{C3527276-A2D0-4CC4-B17C-4B4FA32AE4FB}.Debug|Any CPU.ActiveCfg = Debug|Any CPU
		{C3527276-A2D0-4CC4-B17C-4B4FA32AE4FB}.Debug|Any CPU.Build.0 = Debug|Any CPU
		{C3527276-A2D0-4CC4-B17C-4B4FA32AE4FB}.Release|Any CPU.ActiveCfg = Release|Any CPU
		{C3527276-A2D0-4CC4-B17C-4B4FA32AE4FB}.Release|Any CPU.Build.0 = Release|Any CPU
		{9563DB5A-2417-4990-8922-DF0E9FA72079}.Debug|Any CPU.ActiveCfg = Debug|Any CPU
		{9563DB5A-2417-4990-8922-DF0E9FA72079}.Debug|Any CPU.Build.0 = Debug|Any CPU
		{9563DB5A-2417-4990-8922-DF0E9FA72079}.Release|Any CPU.ActiveCfg = Release|Any CPU
		{9563DB5A-2417-4990-8922-DF0E9FA72079}.Release|Any CPU.Build.0 = Release|Any CPU
	EndGlobalSection
	GlobalSection(SolutionProperties) = preSolution
		HideSolutionNode = FALSE
	EndGlobalSection
	GlobalSection(NestedProjects) = preSolution
		{826BBF0D-1FB8-42DE-BC5F-24A5EBBB3E24} = {48A12DDC-BF8E-4840-898D-E9A3591A21A6}
		{29E92349-DAC2-490D-9ABC-8A8D2AC33929} = {48A12DDC-BF8E-4840-898D-E9A3591A21A6}
		{7BC86D0B-4512-4D72-9393-15D16361A29F} = {48A12DDC-BF8E-4840-898D-E9A3591A21A6}
		{2FDDFDCE-60C9-467D-B816-2988392BAC90} = {48A12DDC-BF8E-4840-898D-E9A3591A21A6}
		{CACAA0F8-4110-461E-97AC-73D67134D31D} = {C9F47424-5BCA-4ECE-BECE-086CE660C752}
		{78783752-C428-4FB4-997B-28FC3800ECF1} = {C9F47424-5BCA-4ECE-BECE-086CE660C752}
		{C3527276-A2D0-4CC4-B17C-4B4FA32AE4FB} = {C9F47424-5BCA-4ECE-BECE-086CE660C752}
		{9563DB5A-2417-4990-8922-DF0E9FA72079} = {C9F47424-5BCA-4ECE-BECE-086CE660C752}
	EndGlobalSection
EndGlobal
